<?xml version="1.0" encoding="utf-8"?>
<Project ToolsVersion="4.0" xmlns="http://schemas.microsoft.com/developer/msbuild/2003">
  <ItemGroup>
    <Filter Include="Source Files">
      <UniqueIdentifier>{4FC737F1-C7A5-4376-A066-2A32D752A2FF}</UniqueIdentifier>
      <Extensions>cpp;c;cc;cxx;c++;cppm;ixx;def;odl;idl;hpj;bat;asm;asmx</Extensions>
    </Filter>
    <Filter Include="Header Files">
      <UniqueIdentifier>{93995380-89BD-4b04-88EB-625FBE52EBFB}</UniqueIdentifier>
      <Extensions>h;hh;hpp;hxx;h++;hm;inl;inc;ipp;xsd</Extensions>
    </Filter>
    <Filter Include="Resource Files">
      <UniqueIdentifier>{67DA6AB6-F800-4c08-8B7A-83BB121AAD01}</UniqueIdentifier>
      <Extensions>rc;ico;cur;bmp;dlg;rc2;rct;bin;rgs;gif;jpg;jpeg;jpe;resx;tiff;tif;png;wav;mfcribbon-ms</Extensions>
    </Filter>
  </ItemGroup>
  <ItemGroup>
    <ClCompile Include="src\cpp\Game.cpp">
      <Filter>Source Files</Filter>
    </ClCompile>
    <ClCompile Include="src\cpp\Topo.cpp">
      <Filter>Source Files</Filter>
    </ClCompile>
    <ClCompile Include="main.cpp">
      <Filter>Source Files</Filter>
    </ClCompile>
    <ClCompile Include="src\cpp\Map.cpp">
      <Filter>Source Files</Filter>
    </ClCompile>
    <ClCompile Include="src\cpp\Character.cpp">
      <Filter>Source Files</Filter>
    </ClCompile>
    <ClCompile Include="src\cpp\Obstacle.cpp">
      <Filter>Source Files</Filter>
    </ClCompile>
    <ClCompile Include="src\cpp\Parallax.cpp">
      <Filter>Source Files</Filter>
    </ClCompile>
    <ClCompile Include="src\cpp\Background.cpp">
      <Filter>Source Files</Filter>
    </ClCompile>
    <ClCompile Include="src\cpp\Clouds.cpp">
      <Filter>Source Files</Filter>
    </ClCompile>
    <ClCompile Include="src\cpp\Bullets.cpp">
      <Filter>Source Files</Filter>
    </ClCompile>
    <ClCompile Include="src\cpp\FlyEnemy.cpp">
      <Filter>Source Files</Filter>
    </ClCompile>
  </ItemGroup>
  <ItemGroup>
    <ClInclude Include="src\header\Game.h">
      <Filter>Header Files</Filter>
    </ClInclude>
    <ClInclude Include="src\header\Topo.h">
      <Filter>Header Files</Filter>
    </ClInclude>
    <ClInclude Include="src\header\Map.h">
      <Filter>Header Files</Filter>
    </ClInclude>
    <ClInclude Include="src\header\Character.h">
      <Filter>Header Files</Filter>
    </ClInclude>
    <ClInclude Include="src\header\Obstacle.h">
      <Filter>Header Files</Filter>
    </ClInclude>
    <ClInclude Include="src\header\Parallax.h">
      <Filter>Header Files</Filter>
    </ClInclude>
    <ClInclude Include="src\header\Background.h">
      <Filter>Header Files</Filter>
    </ClInclude>
    <ClInclude Include="src\header\Clouds.h">
      <Filter>Header Files</Filter>
    </ClInclude>
    <ClInclude Include="src\header\Bullets.h">
      <Filter>Header Files</Filter>
    </ClInclude>
    <ClInclude Include="src\header\FlyEnemy.h">
      <Filter>Header Files</Filter>
    </ClInclude>
    <ClInclude Include="src\header\Enums.h">
      <Filter>Header Files</Filter>
    </ClInclude>
  </ItemGroup>
</Project>